# THIS IS AN AUTOGENERATED FILE. DO NOT EDIT THIS FILE DIRECTLY.
# yarn lockfile v1


"@hapi/address@^2.1.2":
  version "2.1.2"
  resolved "https://registry.npm.taobao.org/@hapi/address/download/@hapi/address-2.1.2.tgz#1c794cd6dbf2354d1eb1ef10e0303f573e1c7222"
  integrity sha1-HHlM1tvyNU0ese8Q4DA/Vz4cciI=

"@hapi/formula@^1.2.0":
  version "1.2.0"
  resolved "https://registry.npm.taobao.org/@hapi/formula/download/@hapi/formula-1.2.0.tgz#994649c7fea1a90b91a0a1e6d983523f680e10cd"
  integrity sha1-mUZJx/6hqQuRoKHm2YNSP2gOEM0=

"@hapi/hoek@^8.2.4", "@hapi/hoek@^8.3.0":
  version "8.3.2"
  resolved "https://registry.npm.taobao.org/@hapi/hoek/download/@hapi/hoek-8.3.2.tgz#91e7188edebc5d876f0b91a860f555ff06f0782b"
  integrity sha1-kecYjt68XYdvC5GoYPVV/wbweCs=

"@hapi/joi@16":
  version "16.1.7"
  resolved "https://registry.npm.taobao.org/@hapi/joi/download/@hapi/joi-16.1.7.tgz#360857223a87bb1f5f67691537964c1b4908ed93"
  integrity sha1-NghXIjqHux9fZ2kVN5ZMG0kI7ZM=
  dependencies:
    "@hapi/address" "^2.1.2"
    "@hapi/formula" "^1.2.0"
    "@hapi/hoek" "^8.2.4"
    "@hapi/pinpoint" "^1.0.2"
    "@hapi/topo" "^3.1.3"

"@hapi/pinpoint@^1.0.2":
  version "1.0.2"
  resolved "https://registry.npm.taobao.org/@hapi/pinpoint/download/@hapi/pinpoint-1.0.2.tgz#025b7a36dbbf4d35bf1acd071c26b20ef41e0d13"
  integrity sha1-Alt6Ntu/TTW/Gs0HHCayDvQeDRM=

"@hapi/topo@^3.1.3":
  version "3.1.6"
  resolved "https://registry.npm.taobao.org/@hapi/topo/download/@hapi/topo-3.1.6.tgz#68d935fa3eae7fdd5ab0d7f953f3205d8b2bfc29"
  integrity sha1-aNk1+j6uf91asNf5U/MgXYsr/Ck=
  dependencies:
    "@hapi/hoek" "^8.3.0"

"@types/hapi__joi@16":
  version "16.0.1"
  resolved "https://registry.npm.taobao.org/@types/hapi__joi/download/@types/hapi__joi-16.0.1.tgz#ec227341ec7ce2091066cccebc3b14f6c527ba6b"
  integrity sha1-7CJzQex84gkQZszOvDsU9sUnums=
